
Microsoft Visual Studio Solution File, Format Version 12.00
# Visual Studio Version 17
VisualStudioVersion = 17.7.34031.279
MinimumVisualStudioVersion = 10.0.40219.1
Project("{888888A0-9F3D-457C-B088-3A5042F75D52}") = "yamleditor-gui", "yamleditor-gui.pyproj", "{1008DDE9-DCE3-4B3D-B505-5224219D3356}"
EndProject
Global
	GlobalSection(SolutionConfigurationPlatforms) = preSolution
		Debug|Any CPU = Debug|Any CPU
		Release|Any CPU = Release|Any CPU
	EndGlobalSection
	GlobalSection(ProjectConfigurationPlatforms) = postSolution
		{1008DDE9-DCE3-4B3D-B505-5224219D3356}.Debug|Any CPU.ActiveCfg = Debug|Any CPU
		{1008DDE9-DCE3-4B3D-B505-5224219D3356}.Release|Any CPU.ActiveCfg = Release|Any CPU
	EndGlobalSection
	GlobalSection(SolutionProperties) = preSolution
		HideSolutionNode = FALSE
	EndGlobalSection
	GlobalSection(ExtensibilityGlobals) = postSolution
		SolutionGuid = {36AD1DEE-35EB-4C39-8153-BB82736DC84C}
	EndGlobalSection
	GlobalSection(TeamFoundationVersionControl) = preSolution
		SccNumberOfProjects = 2
		SccEnterpriseProvider = {4CA58AB2-18FA-4F8D-95D4-32DDF27D184C}
		SccTeamFoundationServer = http://tfs.compass.ie:8080/tfs/defaultcollection
		SccLocalPath0 = .
		SccProjectUniqueName1 = yamleditor-gui.pyproj
		SccLocalPath1 = .
	EndGlobalSection
EndGlobal
